
Microsoft Visual Studio Solution File, Format Version 12.00
# Visual Studio Version 17
VisualStudioVersion = 17.11.35312.102
MinimumVisualStudioVersion = 10.0.40219.1
Project("{D2ABAB84-BF74-430A-B69E-9DC6D40DDA17}") = "SSAS", "SSAS.dwproj", "{21A77885-E032-45F0-9B90-D546F41532AA}"
EndProject
Global
	GlobalSection(SolutionConfigurationPlatforms) = preSolution
		Development|Default = Development|Default
	EndGlobalSection
	GlobalSection(ProjectConfigurationPlatforms) = postSolution
		{21A77885-E032-45F0-9B90-D546F41532AA}.Development|Default.ActiveCfg = Development
		{21A77885-E032-45F0-9B90-D546F41532AA}.Development|Default.Build.0 = Development
		{21A77885-E032-45F0-9B90-D546F41532AA}.Development|Default.Deploy.0 = Development
	EndGlobalSection
	GlobalSection(SolutionProperties) = preSolution
		HideSolutionNode = FALSE
	EndGlobalSection
	GlobalSection(ExtensibilityGlobals) = postSolution
		SolutionGuid = {F48F0E88-7043-4C11-8647-69EC533791E0}
	EndGlobalSection
EndGlobal
